
Microsoft Visual Studio Solution File, Format Version 12.00
# Visual Studio Version 17
VisualStudioVersion = 17.0.32014.148
MinimumVisualStudioVersion = 10.0.40219.1
Project("{FAE04EC0-301F-11D3-BF4B-00C04F79EFBC}") = "WPF_Task_14", "WPF_Task_14\WPF_Task_14.csproj", "{63EF1C4F-EAE6-48EF-9087-60A31D26B885}"
EndProject
Global
	GlobalSection(SolutionConfigurationPlatforms) = preSolution
		Debug|Any CPU = Debug|Any CPU
		Release|Any CPU = Release|Any CPU
	EndGlobalSection
	GlobalSection(ProjectConfigurationPlatforms) = postSolution
		{63EF1C4F-EAE6-48EF-9087-60A31D26B885}.Debug|Any CPU.ActiveCfg = Debug|Any CPU
		{63EF1C4F-EAE6-48EF-9087-60A31D26B885}.Debug|Any CPU.Build.0 = Debug|Any CPU
		{63EF1C4F-EAE6-48EF-9087-60A31D26B885}.Release|Any CPU.ActiveCfg = Release|Any CPU
		{63EF1C4F-EAE6-48EF-9087-60A31D26B885}.Release|Any CPU.Build.0 = Release|Any CPU
	EndGlobalSection
	GlobalSection(SolutionProperties) = preSolution
		HideSolutionNode = FALSE
	EndGlobalSection
	GlobalSection(ExtensibilityGlobals) = postSolution
		SolutionGuid = {4DDE4438-C5E1-4DFC-9ADA-B334AEE4A4E1}
	EndGlobalSection
EndGlobal
